
Microsoft Visual Studio Solution File, Format Version 12.00
# Visual Studio 15
VisualStudioVersion = 15.0.28307.852
MinimumVisualStudioVersion = 10.0.40219.1
Project("{FAE04EC0-301F-11D3-BF4B-00C04F79EFBC}") = "Криптография.лр3(графическое)", "Криптография.лр3(графическое)\Криптография.лр3(графическое).csproj", "{7BC9F562-6ADC-41C0-A029-17C6DBB5A355}"
EndProject
Global
	GlobalSection(SolutionConfigurationPlatforms) = preSolution
		Debug|Any CPU = Debug|Any CPU
		Release|Any CPU = Release|Any CPU
	EndGlobalSection
	GlobalSection(ProjectConfigurationPlatforms) = postSolution
		{7BC9F562-6ADC-41C0-A029-17C6DBB5A355}.Debug|Any CPU.ActiveCfg = Debug|Any CPU
		{7BC9F562-6ADC-41C0-A029-17C6DBB5A355}.Debug|Any CPU.Build.0 = Debug|Any CPU
		{7BC9F562-6ADC-41C0-A029-17C6DBB5A355}.Release|Any CPU.ActiveCfg = Release|Any CPU
		{7BC9F562-6ADC-41C0-A029-17C6DBB5A355}.Release|Any CPU.Build.0 = Release|Any CPU
	EndGlobalSection
	GlobalSection(SolutionProperties) = preSolution
		HideSolutionNode = FALSE
	EndGlobalSection
	GlobalSection(ExtensibilityGlobals) = postSolution
		SolutionGuid = {6C7D0D52-FB83-4660-B493-BB3BC00B4434}
	EndGlobalSection
EndGlobal
