
Microsoft Visual Studio Solution File, Format Version 12.00
# Visual Studio 15
VisualStudioVersion = 15.0.28307.645
MinimumVisualStudioVersion = 10.0.40219.1
Project("{FAE04EC0-301F-11D3-BF4B-00C04F79EFBC}") = "чм", "чм\чм.csproj", "{42861798-0C19-498D-A809-CA20C1119D22}"
EndProject
Global
	GlobalSection(SolutionConfigurationPlatforms) = preSolution
		Debug|Any CPU = Debug|Any CPU
		Release|Any CPU = Release|Any CPU
	EndGlobalSection
	GlobalSection(ProjectConfigurationPlatforms) = postSolution
		{42861798-0C19-498D-A809-CA20C1119D22}.Debug|Any CPU.ActiveCfg = Debug|Any CPU
		{42861798-0C19-498D-A809-CA20C1119D22}.Debug|Any CPU.Build.0 = Debug|Any CPU
		{42861798-0C19-498D-A809-CA20C1119D22}.Release|Any CPU.ActiveCfg = Release|Any CPU
		{42861798-0C19-498D-A809-CA20C1119D22}.Release|Any CPU.Build.0 = Release|Any CPU
	EndGlobalSection
	GlobalSection(SolutionProperties) = preSolution
		HideSolutionNode = FALSE
	EndGlobalSection
	GlobalSection(ExtensibilityGlobals) = postSolution
		SolutionGuid = {0C150AFE-50AF-4251-9E71-7DFE33D0421A}
	EndGlobalSection
EndGlobal
