
Microsoft Visual Studio Solution File, Format Version 12.00
# Visual Studio 15
VisualStudioVersion = 15.0.28307.852
MinimumVisualStudioVersion = 10.0.40219.1
Project("{FAE04EC0-301F-11D3-BF4B-00C04F79EFBC}") = "Криптография.лр7(графическое)", "Криптография.лр7(графическое)\Криптография.лр7(графическое).csproj", "{6A9BBF64-AB66-448F-957D-84D719C973D3}"
EndProject
Global
	GlobalSection(SolutionConfigurationPlatforms) = preSolution
		Debug|Any CPU = Debug|Any CPU
		Release|Any CPU = Release|Any CPU
	EndGlobalSection
	GlobalSection(ProjectConfigurationPlatforms) = postSolution
		{6A9BBF64-AB66-448F-957D-84D719C973D3}.Debug|Any CPU.ActiveCfg = Debug|Any CPU
		{6A9BBF64-AB66-448F-957D-84D719C973D3}.Debug|Any CPU.Build.0 = Debug|Any CPU
		{6A9BBF64-AB66-448F-957D-84D719C973D3}.Release|Any CPU.ActiveCfg = Release|Any CPU
		{6A9BBF64-AB66-448F-957D-84D719C973D3}.Release|Any CPU.Build.0 = Release|Any CPU
	EndGlobalSection
	GlobalSection(SolutionProperties) = preSolution
		HideSolutionNode = FALSE
	EndGlobalSection
	GlobalSection(ExtensibilityGlobals) = postSolution
		SolutionGuid = {7AC21B9C-4842-4B73-8D5A-FE9B21DE5BCA}
	EndGlobalSection
EndGlobal
